
Microsoft Visual Studio Solution File, Format Version 11.00
# Visual Studio 2010
# SharpDevelop 5.1
Project("{FAE04EC0-301F-11D3-BF4B-00C04F79EFBC}") = "P", "P\P.csproj", "{0A7718DA-651D-4117-85E7-989C46F0CF1A}"
EndProject
Global
	GlobalSection(SolutionConfigurationPlatforms) = preSolution
		Debug|Any CPU = Debug|Any CPU
		Release|Any CPU = Release|Any CPU
	EndGlobalSection
	GlobalSection(ProjectConfigurationPlatforms) = postSolution
		{0A7718DA-651D-4117-85E7-989C46F0CF1A}.Debug|Any CPU.ActiveCfg = Debug|Any CPU
		{0A7718DA-651D-4117-85E7-989C46F0CF1A}.Debug|Any CPU.Build.0 = Debug|Any CPU
		{0A7718DA-651D-4117-85E7-989C46F0CF1A}.Release|Any CPU.ActiveCfg = Release|Any CPU
		{0A7718DA-651D-4117-85E7-989C46F0CF1A}.Release|Any CPU.Build.0 = Release|Any CPU
	EndGlobalSection
EndGlobal
